{
    "name": "conflicting-langs",
    "version": "1.0.0",
    "lockfileVersion": 1,
    "requires": true,
    "dependencies": {
        "messages-for-conglicting-lands": {
            "version": "1.0.0",
            "resolved": "https://registry.npmjs.org/messages-for-conglicting-lands/-/messages-for-conglicting-lands-1.0.0.tgz",
            "integrity": "sha512-LggEIuWeV19yhXVQexVVwP+QNYxSKIy0iRSm6GByGZqEAF285f6OpQE5JW3pH8sOqQlYsIixBEQOqya4T8JWEg=="
        }
    }
}
